// !$*UTF8*$!
{
	archiveVersion = 1;
	classes = {
	};
	objectVersion = 48;
	objects = {

/* Begin PBXBuildFile section */
		003A14141FC3439300C7C98E /* PassphraseViewController.swift in Sources */ = {isa = PBXBuildFile; fileRef = 003A14131FC3439300C7C98E /* PassphraseViewController.swift */; };
		0058DFB31FC419E6007CB316 /* CryptoManager.swift in Sources */ = {isa = PBXBuildFile; fileRef = 0058DFB21FC419E6007CB316 /* CryptoManager.swift */; };
		009EF0431FBAF18300CFA52C /* AppDelegate.swift in Sources */ = {isa = PBXBuildFile; fileRef = 009EF0421FBAF18300CFA52C /* AppDelegate.swift */; };
		009EF0451FBAF18300CFA52C /* DocumentBrowserViewController.swift in Sources */ = {isa = PBXBuildFile; fileRef = 009EF0441FBAF18300CFA52C /* DocumentBrowserViewController.swift */; };
		009EF0471FBAF18300CFA52C /* DocumentViewController.swift in Sources */ = {isa = PBXBuildFile; fileRef = 009EF0461FBAF18300CFA52C /* DocumentViewController.swift */; };
		009EF0491FBAF18300CFA52C /* Document.swift in Sources */ = {isa = PBXBuildFile; fileRef = 009EF0481FBAF18300CFA52C /* Document.swift */; };
		009EF04C1FBAF18300CFA52C /* Main.storyboard in Resources */ = {isa = PBXBuildFile; fileRef = 009EF04A1FBAF18300CFA52C /* Main.storyboard */; };
		009EF04E1FBAF18300CFA52C /* Assets.xcassets in Resources */ = {isa = PBXBuildFile; fileRef = 009EF04D1FBAF18300CFA52C /* Assets.xcassets */; };
		009EF0511FBAF18300CFA52C /* LaunchScreen.storyboard in Resources */ = {isa = PBXBuildFile; fileRef = 009EF04F1FBAF18300CFA52C /* LaunchScreen.storyboard */; };
		00EFE0421FC5759A00932291 /* doc_44x58.png in Resources */ = {isa = PBXBuildFile; fileRef = 00EFE03E1FC5759A00932291 /* doc_44x58.png */; };
		00EFE0431FC5759A00932291 /* doc_22x29.png in Resources */ = {isa = PBXBuildFile; fileRef = 00EFE03F1FC5759A00932291 /* doc_22x29.png */; };
		00EFE0441FC5759A00932291 /* doc_320x320.png in Resources */ = {isa = PBXBuildFile; fileRef = 00EFE0401FC5759A00932291 /* doc_320x320.png */; };
		00EFE0451FC5759A00932291 /* doc_64x64.png in Resources */ = {isa = PBXBuildFile; fileRef = 00EFE0411FC5759A00932291 /* doc_64x64.png */; };
		00EFE0471FC590E000932291 /* ChangePasswordViewController.swift in Sources */ = {isa = PBXBuildFile; fileRef = 00EFE0461FC590E000932291 /* ChangePasswordViewController.swift */; };
		00EFE04A1FC8359B00932291 /* LockController.swift in Sources */ = {isa = PBXBuildFile; fileRef = 00EFE0491FC8359B00932291 /* LockController.swift */; };
		00EFE04C1FC8494600932291 /* SettingsViewController.swift in Sources */ = {isa = PBXBuildFile; fileRef = 00EFE04B1FC8494600932291 /* SettingsViewController.swift */; };
		ACD8441AE4E1FD8DB8D0E81C /* Pods_Megadoc.framework in Frameworks */ = {isa = PBXBuildFile; fileRef = 172CA9A1006680348592951A /* Pods_Megadoc.framework */; };
/* End PBXBuildFile section */

/* Begin PBXFileReference section */
		003A14131FC3439300C7C98E /* PassphraseViewController.swift */ = {isa = PBXFileReference; lastKnownFileType = sourcecode.swift; path = PassphraseViewController.swift; sourceTree = "<group>"; };
		0058DFB21FC419E6007CB316 /* CryptoManager.swift */ = {isa = PBXFileReference; lastKnownFileType = sourcecode.swift; path = CryptoManager.swift; sourceTree = "<group>"; };
		0074A02D1FC9DB3E00E83EBA /* README.md */ = {isa = PBXFileReference; lastKnownFileType = net.daringfireball.markdown; path = README.md; sourceTree = "<group>"; };
		009EF03F1FBAF18300CFA52C /* Megadoc.app */ = {isa = PBXFileReference; explicitFileType = wrapper.application; includeInIndex = 0; path = Megadoc.app; sourceTree = BUILT_PRODUCTS_DIR; };
		009EF0421FBAF18300CFA52C /* AppDelegate.swift */ = {isa = PBXFileReference; lastKnownFileType = sourcecode.swift; path = AppDelegate.swift; sourceTree = "<group>"; };
		009EF0441FBAF18300CFA52C /* DocumentBrowserViewController.swift */ = {isa = PBXFileReference; lastKnownFileType = sourcecode.swift; path = DocumentBrowserViewController.swift; sourceTree = "<group>"; };
		009EF0461FBAF18300CFA52C /* DocumentViewController.swift */ = {isa = PBXFileReference; lastKnownFileType = sourcecode.swift; path = DocumentViewController.swift; sourceTree = "<group>"; };
		009EF0481FBAF18300CFA52C /* Document.swift */ = {isa = PBXFileReference; lastKnownFileType = sourcecode.swift; path = Document.swift; sourceTree = "<group>"; };
		009EF04B1FBAF18300CFA52C /* Base */ = {isa = PBXFileReference; lastKnownFileType = file.storyboard; name = Base; path = Base.lproj/Main.storyboard; sourceTree = "<group>"; };
		009EF04D1FBAF18300CFA52C /* Assets.xcassets */ = {isa = PBXFileReference; lastKnownFileType = folder.assetcatalog; path = Assets.xcassets; sourceTree = "<group>"; };
		009EF0501FBAF18300CFA52C /* Base */ = {isa = PBXFileReference; lastKnownFileType = file.storyboard; name = Base; path = Base.lproj/LaunchScreen.storyboard; sourceTree = "<group>"; };
		009EF0521FBAF18300CFA52C /* Info.plist */ = {isa = PBXFileReference; lastKnownFileType = text.plist.xml; path = Info.plist; sourceTree = "<group>"; };
		00EFE03E1FC5759A00932291 /* doc_44x58.png */ = {isa = PBXFileReference; lastKnownFileType = image.png; path = doc_44x58.png; sourceTree = "<group>"; };
		00EFE03F1FC5759A00932291 /* doc_22x29.png */ = {isa = PBXFileReference; lastKnownFileType = image.png; path = doc_22x29.png; sourceTree = "<group>"; };
		00EFE0401FC5759A00932291 /* doc_320x320.png */ = {isa = PBXFileReference; lastKnownFileType = image.png; path = doc_320x320.png; sourceTree = "<group>"; };
		00EFE0411FC5759A00932291 /* doc_64x64.png */ = {isa = PBXFileReference; lastKnownFileType = image.png; path = doc_64x64.png; sourceTree = "<group>"; };
		00EFE0461FC590E000932291 /* ChangePasswordViewController.swift */ = {isa = PBXFileReference; lastKnownFileType = sourcecode.swift; path = ChangePasswordViewController.swift; sourceTree = "<group>"; };
		00EFE0491FC8359B00932291 /* LockController.swift */ = {isa = PBXFileReference; lastKnownFileType = sourcecode.swift; path = LockController.swift; sourceTree = "<group>"; };
		00EFE04B1FC8494600932291 /* SettingsViewController.swift */ = {isa = PBXFileReference; lastKnownFileType = sourcecode.swift; path = SettingsViewController.swift; sourceTree = "<group>"; };
		172CA9A1006680348592951A /* Pods_Megadoc.framework */ = {isa = PBXFileReference; explicitFileType = wrapper.framework; includeInIndex = 0; path = Pods_Megadoc.framework; sourceTree = BUILT_PRODUCTS_DIR; };
		9A4B7661A0D69FB7DEBB0170 /* Pods-Megadoc.release.xcconfig */ = {isa = PBXFileReference; includeInIndex = 1; lastKnownFileType = text.xcconfig; name = "Pods-Megadoc.release.xcconfig"; path = "Pods/Target Support Files/Pods-Megadoc/Pods-Megadoc.release.xcconfig"; sourceTree = "<group>"; };
		DFCFEAAE0C923F1D426EC33C /* Pods-Megadoc.debug.xcconfig */ = {isa = PBXFileReference; includeInIndex = 1; lastKnownFileType = text.xcconfig; name = "Pods-Megadoc.debug.xcconfig"; path = "Pods/Target Support Files/Pods-Megadoc/Pods-Megadoc.debug.xcconfig"; sourceTree = "<group>"; };
/* End PBXFileReference section */

/* Begin PBXFrameworksBuildPhase section */
		009EF03C1FBAF18300CFA52C /* Frameworks */ = {
			isa = PBXFrameworksBuildPhase;
			buildActionMask = 2147483647;
			files = (
				ACD8441AE4E1FD8DB8D0E81C /* Pods_Megadoc.framework in Frameworks */,
			);
			runOnlyForDeploymentPostprocessing = 0;
		};
/* End PBXFrameworksBuildPhase section */

/* Begin PBXGroup section */
		0074A02E1FC9E3F800E83EBA /* Documentation */ = {
			isa = PBXGroup;
			children = (
			);
			name = Documentation;
			sourceTree = "<group>";
		};
		009EF0361FBAF18300CFA52C = {
			isa = PBXGroup;
			children = (
				0074A02E1FC9E3F800E83EBA /* Documentation */,
				00EFD71B1FBAF9E4005E9F69 /* Resources */,
				009EF0411FBAF18300CFA52C /* Megadoc */,
				009EF0401FBAF18300CFA52C /* Products */,
				2F6ED48C6455ABA9C32E3331 /* Pods */,
				A856D211FE9F04106A56CFEF /* Frameworks */,
			);
			sourceTree = "<group>";
		};
		009EF0401FBAF18300CFA52C /* Products */ = {
			isa = PBXGroup;
			children = (
				009EF03F1FBAF18300CFA52C /* Megadoc.app */,
			);
			name = Products;
			sourceTree = "<group>";
		};
		009EF0411FBAF18300CFA52C /* Megadoc */ = {
			isa = PBXGroup;
			children = (
				0058DFB21FC419E6007CB316 /* CryptoManager.swift */,
				009EF0481FBAF18300CFA52C /* Document.swift */,
				009EF0421FBAF18300CFA52C /* AppDelegate.swift */,
				009EF0441FBAF18300CFA52C /* DocumentBrowserViewController.swift */,
				009EF0461FBAF18300CFA52C /* DocumentViewController.swift */,
				00EFE0491FC8359B00932291 /* LockController.swift */,
				003A14131FC3439300C7C98E /* PassphraseViewController.swift */,
				00EFE0461FC590E000932291 /* ChangePasswordViewController.swift */,
				00EFE04B1FC8494600932291 /* SettingsViewController.swift */,
				009EF04A1FBAF18300CFA52C /* Main.storyboard */,
				009EF04D1FBAF18300CFA52C /* Assets.xcassets */,
				009EF04F1FBAF18300CFA52C /* LaunchScreen.storyboard */,
				009EF0521FBAF18300CFA52C /* Info.plist */,
				0074A02D1FC9DB3E00E83EBA /* README.md */,
			);
			path = Megadoc;
			sourceTree = "<group>";
		};
		00EFD71B1FBAF9E4005E9F69 /* Resources */ = {
			isa = PBXGroup;
			children = (
				00EFE03F1FC5759A00932291 /* doc_22x29.png */,
				00EFE03E1FC5759A00932291 /* doc_44x58.png */,
				00EFE0411FC5759A00932291 /* doc_64x64.png */,
				00EFE0401FC5759A00932291 /* doc_320x320.png */,
			);
			path = Resources;
			sourceTree = "<group>";
		};
		2F6ED48C6455ABA9C32E3331 /* Pods */ = {
			isa = PBXGroup;
			children = (
				DFCFEAAE0C923F1D426EC33C /* Pods-Megadoc.debug.xcconfig */,
				9A4B7661A0D69FB7DEBB0170 /* Pods-Megadoc.release.xcconfig */,
			);
			name = Pods;
			sourceTree = "<group>";
		};
		A856D211FE9F04106A56CFEF /* Frameworks */ = {
			isa = PBXGroup;
			children = (
				172CA9A1006680348592951A /* Pods_Megadoc.framework */,
			);
			name = Frameworks;
			sourceTree = "<group>";
		};
/* End PBXGroup section */

/* Begin PBXNativeTarget section */
		009EF03E1FBAF18300CFA52C /* Megadoc */ = {
			isa = PBXNativeTarget;
			buildConfigurationList = 009EF0551FBAF18300CFA52C /* Build configuration list for PBXNativeTarget "Megadoc" */;
			buildPhases = (
				5116BA482E5B24A6BB0B38C7 /* [CP] Check Pods Manifest.lock */,
				009EF03B1FBAF18300CFA52C /* Sources */,
				009EF03C1FBAF18300CFA52C /* Frameworks */,
				009EF03D1FBAF18300CFA52C /* Resources */,
				8CC1275AC0C9410BB3DD862E /* [CP] Embed Pods Frameworks */,
				776E9328CECC7D56FB363FCB /* [CP] Copy Pods Resources */,
			);
			buildRules = (
			);
			dependencies = (
			);
			name = Megadoc;
			productName = Megadoc;
			productReference = 009EF03F1FBAF18300CFA52C /* Megadoc.app */;
			productType = "com.apple.product-type.application";
		};
/* End PBXNativeTarget section */

/* Begin PBXProject section */
		009EF0371FBAF18300CFA52C /* Project object */ = {
			isa = PBXProject;
			attributes = {
				LastSwiftUpdateCheck = 0910;
				LastUpgradeCheck = 0910;
				ORGANIZATIONNAME = "Francisco Gorina";
				TargetAttributes = {
					009EF03E1FBAF18300CFA52C = {
						CreatedOnToolsVersion = 9.1;
						ProvisioningStyle = Automatic;
					};
				};
			};
			buildConfigurationList = 009EF03A1FBAF18300CFA52C /* Build configuration list for PBXProject "Megadoc" */;
			compatibilityVersion = "Xcode 8.0";
			developmentRegion = en;
			hasScannedForEncodings = 0;
			knownRegions = (
				en,
				Base,
			);
			mainGroup = 009EF0361FBAF18300CFA52C;
			productRefGroup = 009EF0401FBAF18300CFA52C /* Products */;
			projectDirPath = "";
			projectRoot = "";
			targets = (
				009EF03E1FBAF18300CFA52C /* Megadoc */,
			);
		};
/* End PBXProject section */

/* Begin PBXResourcesBuildPhase section */
		009EF03D1FBAF18300CFA52C /* Resources */ = {
			isa = PBXResourcesBuildPhase;
			buildActionMask = 2147483647;
			files = (
				009EF0511FBAF18300CFA52C /* LaunchScreen.storyboard in Resources */,
				00EFE0441FC5759A00932291 /* doc_320x320.png in Resources */,
				009EF04E1FBAF18300CFA52C /* Assets.xcassets in Resources */,
				00EFE0451FC5759A00932291 /* doc_64x64.png in Resources */,
				00EFE0431FC5759A00932291 /* doc_22x29.png in Resources */,
				00EFE0421FC5759A00932291 /* doc_44x58.png in Resources */,
				009EF04C1FBAF18300CFA52C /* Main.storyboard in Resources */,
			);
			runOnlyForDeploymentPostprocessing = 0;
		};
/* End PBXResourcesBuildPhase section */

/* Begin PBXShellScriptBuildPhase section */
		5116BA482E5B24A6BB0B38C7 /* [CP] Check Pods Manifest.lock */ = {
			isa = PBXShellScriptBuildPhase;
			buildActionMask = 2147483647;
			files = (
			);
			inputPaths = (
				"${PODS_PODFILE_DIR_PATH}/Podfile.lock",
				"${PODS_ROOT}/Manifest.lock",
			);
			name = "[CP] Check Pods Manifest.lock";
			outputPaths = (
				"$(DERIVED_FILE_DIR)/Pods-Megadoc-checkManifestLockResult.txt",
			);
			runOnlyForDeploymentPostprocessing = 0;
			shellPath = /bin/sh;
			shellScript = "diff \"${PODS_PODFILE_DIR_PATH}/Podfile.lock\" \"${PODS_ROOT}/Manifest.lock\" > /dev/null\nif [ $? != 0 ] ; then\n    # print error to STDERR\n    echo \"error: The sandbox is not in sync with the Podfile.lock. Run 'pod install' or update your CocoaPods installation.\" >&2\n    exit 1\nfi\n# This output is used by Xcode 'outputs' to avoid re-running this script phase.\necho \"SUCCESS\" > \"${SCRIPT_OUTPUT_FILE_0}\"\n";
			showEnvVarsInLog = 0;
		};
		776E9328CECC7D56FB363FCB /* [CP] Copy Pods Resources */ = {
			isa = PBXShellScriptBuildPhase;
			buildActionMask = 2147483647;
			files = (
			);
			inputPaths = (
			);
			name = "[CP] Copy Pods Resources";
			outputPaths = (
			);
			runOnlyForDeploymentPostprocessing = 0;
			shellPath = /bin/sh;
			shellScript = "\"${SRCROOT}/Pods/Target Support Files/Pods-Megadoc/Pods-Megadoc-resources.sh\"\n";
			showEnvVarsInLog = 0;
		};
		8CC1275AC0C9410BB3DD862E /* [CP] Embed Pods Frameworks */ = {
			isa = PBXShellScriptBuildPhase;
			buildActionMask = 2147483647;
			files = (
			);
			inputPaths = (
				"${SRCROOT}/Pods/Target Support Files/Pods-Megadoc/Pods-Megadoc-frameworks.sh",
				"${BUILT_PRODUCTS_DIR}/CryptoSwift/CryptoSwift.framework",
				"${BUILT_PRODUCTS_DIR}/Down/Down.framework",
				"${BUILT_PRODUCTS_DIR}/SwiftyRSA/SwiftyRSA.framework",
			);
			name = "[CP] Embed Pods Frameworks";
			outputPaths = (
				"${TARGET_BUILD_DIR}/${FRAMEWORKS_FOLDER_PATH}/CryptoSwift.framework",
				"${TARGET_BUILD_DIR}/${FRAMEWORKS_FOLDER_PATH}/Down.framework",
				"${TARGET_BUILD_DIR}/${FRAMEWORKS_FOLDER_PATH}/SwiftyRSA.framework",
			);
			runOnlyForDeploymentPostprocessing = 0;
			shellPath = /bin/sh;
			shellScript = "\"${SRCROOT}/Pods/Target Support Files/Pods-Megadoc/Pods-Megadoc-frameworks.sh\"\n";
			showEnvVarsInLog = 0;
		};
/* End PBXShellScriptBuildPhase section */

/* Begin PBXSourcesBuildPhase section */
		009EF03B1FBAF18300CFA52C /* Sources */ = {
			isa = PBXSourcesBuildPhase;
			buildActionMask = 2147483647;
			files = (
				0058DFB31FC419E6007CB316 /* CryptoManager.swift in Sources */,
				009EF0491FBAF18300CFA52C /* Document.swift in Sources */,
				009EF0471FBAF18300CFA52C /* DocumentViewController.swift in Sources */,
				003A14141FC3439300C7C98E /* PassphraseViewController.swift in Sources */,
				00EFE04A1FC8359B00932291 /* LockController.swift in Sources */,
				009EF0451FBAF18300CFA52C /* DocumentBrowserViewController.swift in Sources */,
				009EF0431FBAF18300CFA52C /* AppDelegate.swift in Sources */,
				00EFE0471FC590E000932291 /* ChangePasswordViewController.swift in Sources */,
				00EFE04C1FC8494600932291 /* SettingsViewController.swift in Sources */,
			);
			runOnlyForDeploymentPostprocessing = 0;
		};
/* End PBXSourcesBuildPhase section */

/* Begin PBXVariantGroup section */
		009EF04A1FBAF18300CFA52C /* Main.storyboard */ = {
			isa = PBXVariantGroup;
			children = (
				009EF04B1FBAF18300CFA52C /* Base */,
			);
			name = Main.storyboard;
			sourceTree = "<group>";
		};
		009EF04F1FBAF18300CFA52C /* LaunchScreen.storyboard */ = {
			isa = PBXVariantGroup;
			children = (
				009EF0501FBAF18300CFA52C /* Base */,
			);
			name = LaunchScreen.storyboard;
			sourceTree = "<group>";
		};
/* End PBXVariantGroup section */

/* Begin XCBuildConfiguration section */
		009EF0531FBAF18300CFA52C /* Debug */ = {
			isa = XCBuildConfiguration;
			buildSettings = {
				ALWAYS_SEARCH_USER_PATHS = NO;
				CLANG_ANALYZER_NONNULL = YES;
				CLANG_ANALYZER_NUMBER_OBJECT_CONVERSION = YES_AGGRESSIVE;
				CLANG_CXX_LANGUAGE_STANDARD = "gnu++14";
				CLANG_CXX_LIBRARY = "libc++";
				CLANG_ENABLE_MODULES = YES;
				CLANG_ENABLE_OBJC_ARC = YES;
				CLANG_WARN_BLOCK_CAPTURE_AUTORELEASING = YES;
				CLANG_WARN_BOOL_CONVERSION = YES;
				CLANG_WARN_COMMA = YES;
				CLANG_WARN_CONSTANT_CONVERSION = YES;
				CLANG_WARN_DIRECT_OBJC_ISA_USAGE = YES_ERROR;
				CLANG_WARN_DOCUMENTATION_COMMENTS = YES;
				CLANG_WARN_EMPTY_BODY = YES;
				CLANG_WARN_ENUM_CONVERSION = YES;
				CLANG_WARN_INFINITE_RECURSION = YES;
				CLANG_WARN_INT_CONVERSION = YES;
				CLANG_WARN_NON_LITERAL_NULL_CONVERSION = YES;
				CLANG_WARN_OBJC_LITERAL_CONVERSION = YES;
				CLANG_WARN_OBJC_ROOT_CLASS = YES_ERROR;
				CLANG_WARN_RANGE_LOOP_ANALYSIS = YES;
				CLANG_WARN_STRICT_PROTOTYPES = YES;
				CLANG_WARN_SUSPICIOUS_MOVE = YES;
				CLANG_WARN_UNGUARDED_AVAILABILITY = YES_AGGRESSIVE;
				CLANG_WARN_UNREACHABLE_CODE = YES;
				CLANG_WARN__DUPLICATE_METHOD_MATCH = YES;
				CODE_SIGN_IDENTITY = "iPhone Developer";
				COPY_PHASE_STRIP = NO;
				DEBUG_INFORMATION_FORMAT = dwarf;
				ENABLE_STRICT_OBJC_MSGSEND = YES;
				ENABLE_TESTABILITY = YES;
				GCC_C_LANGUAGE_STANDARD = gnu11;
				GCC_DYNAMIC_NO_PIC = NO;
				GCC_NO_COMMON_BLOCKS = YES;
				GCC_OPTIMIZATION_LEVEL = 0;
				GCC_PREPROCESSOR_DEFINITIONS = (
					"DEBUG=1",
					"$(inherited)",
				);
				GCC_WARN_64_TO_32_BIT_CONVERSION = YES;
				GCC_WARN_ABOUT_RETURN_TYPE = YES_ERROR;
				GCC_WARN_UNDECLARED_SELECTOR = YES;
				GCC_WARN_UNINITIALIZED_AUTOS = YES_AGGRESSIVE;
				GCC_WARN_UNUSED_FUNCTION = YES;
				GCC_WARN_UNUSED_VARIABLE = YES;
				IPHONEOS_DEPLOYMENT_TARGET = 11.1;
				MTL_ENABLE_DEBUG_INFO = YES;
				ONLY_ACTIVE_ARCH = YES;
				SDKROOT = iphoneos;
				SWIFT_ACTIVE_COMPILATION_CONDITIONS = DEBUG;
				SWIFT_OPTIMIZATION_LEVEL = "-Onone";
			};
			name = Debug;
		};
		009EF0541FBAF18300CFA52C /* Release */ = {
			isa = XCBuildConfiguration;
			buildSettings = {
				ALWAYS_SEARCH_USER_PATHS = NO;
				CLANG_ANALYZER_NONNULL = YES;
				CLANG_ANALYZER_NUMBER_OBJECT_CONVERSION = YES_AGGRESSIVE;
				CLANG_CXX_LANGUAGE_STANDARD = "gnu++14";
				CLANG_CXX_LIBRARY = "libc++";
				CLANG_ENABLE_MODULES = YES;
				CLANG_ENABLE_OBJC_ARC = YES;
				CLANG_WARN_BLOCK_CAPTURE_AUTORELEASING = YES;
				CLANG_WARN_BOOL_CONVERSION = YES;
				CLANG_WARN_COMMA = YES;
				CLANG_WARN_CONSTANT_CONVERSION = YES;
				CLANG_WARN_DIRECT_OBJC_ISA_USAGE = YES_ERROR;
				CLANG_WARN_DOCUMENTATION_COMMENTS = YES;
				CLANG_WARN_EMPTY_BODY = YES;
				CLANG_WARN_ENUM_CONVERSION = YES;
				CLANG_WARN_INFINITE_RECURSION = YES;
				CLANG_WARN_INT_CONVERSION = YES;
				CLANG_WARN_NON_LITERAL_NULL_CONVERSION = YES;
				CLANG_WARN_OBJC_LITERAL_CONVERSION = YES;
				CLANG_WARN_OBJC_ROOT_CLASS = YES_ERROR;
				CLANG_WARN_RANGE_LOOP_ANALYSIS = YES;
				CLANG_WARN_STRICT_PROTOTYPES = YES;
				CLANG_WARN_SUSPICIOUS_MOVE = YES;
				CLANG_WARN_UNGUARDED_AVAILABILITY = YES_AGGRESSIVE;
				CLANG_WARN_UNREACHABLE_CODE = YES;
				CLANG_WARN__DUPLICATE_METHOD_MATCH = YES;
				CODE_SIGN_IDENTITY = "iPhone Developer";
				COPY_PHASE_STRIP = NO;
				DEBUG_INFORMATION_FORMAT = "dwarf-with-dsym";
				ENABLE_NS_ASSERTIONS = NO;
				ENABLE_STRICT_OBJC_MSGSEND = YES;
				GCC_C_LANGUAGE_STANDARD = gnu11;
				GCC_NO_COMMON_BLOCKS = YES;
				GCC_WARN_64_TO_32_BIT_CONVERSION = YES;
				GCC_WARN_ABOUT_RETURN_TYPE = YES_ERROR;
				GCC_WARN_UNDECLARED_SELECTOR = YES;
				GCC_WARN_UNINITIALIZED_AUTOS = YES_AGGRESSIVE;
				GCC_WARN_UNUSED_FUNCTION = YES;
				GCC_WARN_UNUSED_VARIABLE = YES;
				IPHONEOS_DEPLOYMENT_TARGET = 11.1;
				MTL_ENABLE_DEBUG_INFO = NO;
				SDKROOT = iphoneos;
				SWIFT_OPTIMIZATION_LEVEL = "-Owholemodule";
				VALIDATE_PRODUCT = YES;
			};
			name = Release;
		};
		009EF0561FBAF18300CFA52C /* Debug */ = {
			isa = XCBuildConfiguration;
			baseConfigurationReference = DFCFEAAE0C923F1D426EC33C /* Pods-Megadoc.debug.xcconfig */;
			buildSettings = {
				ASSETCATALOG_COMPILER_APPICON_NAME = AppIcon;
				CODE_SIGN_STYLE = Automatic;
				DEVELOPMENT_TEAM = N72U6DTDRE;
				INFOPLIST_FILE = Megadoc/Info.plist;
				LD_RUNPATH_SEARCH_PATHS = "$(inherited) @executable_path/Frameworks";
				PRODUCT_BUNDLE_IDENTIFIER = es.gorina.Megadoc;
				PRODUCT_NAME = "$(TARGET_NAME)";
				SWIFT_VERSION = 4.0;
				TARGETED_DEVICE_FAMILY = "1,2";
			};
			name = Debug;
		};
		009EF0571FBAF18300CFA52C /* Release */ = {
			isa = XCBuildConfiguration;
			baseConfigurationReference = 9A4B7661A0D69FB7DEBB0170 /* Pods-Megadoc.release.xcconfig */;
			buildSettings = {
				ASSETCATALOG_COMPILER_APPICON_NAME = AppIcon;
				CODE_SIGN_STYLE = Automatic;
				DEVELOPMENT_TEAM = N72U6DTDRE;
				INFOPLIST_FILE = Megadoc/Info.plist;
				LD_RUNPATH_SEARCH_PATHS = "$(inherited) @executable_path/Frameworks";
				PRODUCT_BUNDLE_IDENTIFIER = es.gorina.Megadoc;
				PRODUCT_NAME = "$(TARGET_NAME)";
				SWIFT_VERSION = 4.0;
				TARGETED_DEVICE_FAMILY = "1,2";
			};
			name = Release;
		};
/* End XCBuildConfiguration section */

/* Begin XCConfigurationList section */
		009EF03A1FBAF18300CFA52C /* Build configuration list for PBXProject "Megadoc" */ = {
			isa = XCConfigurationList;
			buildConfigurations = (
				009EF0531FBAF18300CFA52C /* Debug */,
				009EF0541FBAF18300CFA52C /* Release */,
			);
			defaultConfigurationIsVisible = 0;
			defaultConfigurationName = Release;
		};
		009EF0551FBAF18300CFA52C /* Build configuration list for PBXNativeTarget "Megadoc" */ = {
			isa = XCConfigurationList;
			buildConfigurations = (
				009EF0561FBAF18300CFA52C /* Debug */,
				009EF0571FBAF18300CFA52C /* Release */,
			);
			defaultConfigurationIsVisible = 0;
			defaultConfigurationName = Release;
		};
/* End XCConfigurationList section */
	};
	rootObject = 009EF0371FBAF18300CFA52C /* Project object */;
}
